
Microsoft Visual Studio Solution File, Format Version 12.00
# Visual Studio Version 17
VisualStudioVersion = 17.2.32616.157
MinimumVisualStudioVersion = 10.0.40219.1
Project("{2150E333-8FDC-42A3-9474-1A3956D46DE8}") = "src", "src", "{2808E129-7CFD-43F8-BC10-AE93595CD124}"
EndProject
Project("{2150E333-8FDC-42A3-9474-1A3956D46DE8}") = "API", "API", "{4B7EF768-6C27-4F6C-8C05-8FB21A3A80F3}"
EndProject
Project("{2150E333-8FDC-42A3-9474-1A3956D46DE8}") = "Application", "Application", "{AC609C28-CA78-4D02-982B-A37C31D87BD2}"
EndProject
Project("{2150E333-8FDC-42A3-9474-1A3956D46DE8}") = "Domain", "Domain", "{6197D4FB-A8F6-44DC-B12B-BD16B90D5DAD}"
EndProject
Project("{2150E333-8FDC-42A3-9474-1A3956D46DE8}") = "Infra", "Infra", "{FDE547AE-41B9-4DAC-BA3F-7113B40E63EA}"
EndProject
Project("{9A19103F-16F7-4668-BE54-9A1E7A4F7556}") = "ChatBot.Domain", "ChatBot.Domain\ChatBot.Domain.csproj", "{1713A0BD-16F6-4A24-BECF-F3FE42C3A160}"
EndProject
Project("{9A19103F-16F7-4668-BE54-9A1E7A4F7556}") = "ChatBot.Infra.DataProvider", "ChatBot.Infra.Database\ChatBot.Infra.DataProvider.csproj", "{3AEBF3D8-AFA8-4AD7-B76D-400A73CA8F60}"
EndProject
Project("{9A19103F-16F7-4668-BE54-9A1E7A4F7556}") = "ChatBot.Infra.MessageBroker", "ChatBot.Infra.MessageBroker\ChatBot.Infra.MessageBroker.csproj", "{9E9E9579-83DC-4AA3-8517-141000FFABE2}"
EndProject
Project("{9A19103F-16F7-4668-BE54-9A1E7A4F7556}") = "ChatBot.Infra.IoC", "ChatBot.Infra.IoC\ChatBot.Infra.IoC.csproj", "{B5DFB418-4CB4-4EA4-9C97-04B160FFC965}"
EndProject
Project("{9A19103F-16F7-4668-BE54-9A1E7A4F7556}") = "ChatBot.API", "ChatBot.API\ChatBot.API.csproj", "{430A6C4A-D255-45F1-9CC7-26E98A330D86}"
EndProject
Project("{9A19103F-16F7-4668-BE54-9A1E7A4F7556}") = "ChatBot.Application", "ChatBot.Application\ChatBot.Application.csproj", "{22B62D68-7F51-49F1-ADE5-BDC4560DE127}"
EndProject
Project("{9A19103F-16F7-4668-BE54-9A1E7A4F7556}") = "UnitTests", "UnitTests\UnitTests.csproj", "{1CF0923A-7366-4335-8556-EEF2C1BAE91B}"
EndProject
Project("{2150E333-8FDC-42A3-9474-1A3956D46DE8}") = "bot", "bot", "{58551736-50BB-44EA-B0A3-AE78AF518BB9}"
EndProject
Project("{2150E333-8FDC-42A3-9474-1A3956D46DE8}") = "Tests", "Tests", "{8B28B3BC-10B2-4C92-A385-BDE39D7C7893}"
EndProject
Project("{9A19103F-16F7-4668-BE54-9A1E7A4F7556}") = "StockBot", "StockBot\StockBot.csproj", "{7C6A4069-15E6-404F-913B-8AF2AEC21982}"
EndProject
Global
	GlobalSection(SolutionConfigurationPlatforms) = preSolution
		Debug|Any CPU = Debug|Any CPU
		Release|Any CPU = Release|Any CPU
	EndGlobalSection
	GlobalSection(ProjectConfigurationPlatforms) = postSolution
		{1713A0BD-16F6-4A24-BECF-F3FE42C3A160}.Debug|Any CPU.ActiveCfg = Debug|Any CPU
		{1713A0BD-16F6-4A24-BECF-F3FE42C3A160}.Debug|Any CPU.Build.0 = Debug|Any CPU
		{1713A0BD-16F6-4A24-BECF-F3FE42C3A160}.Release|Any CPU.ActiveCfg = Release|Any CPU
		{1713A0BD-16F6-4A24-BECF-F3FE42C3A160}.Release|Any CPU.Build.0 = Release|Any CPU
		{3AEBF3D8-AFA8-4AD7-B76D-400A73CA8F60}.Debug|Any CPU.ActiveCfg = Debug|Any CPU
		{3AEBF3D8-AFA8-4AD7-B76D-400A73CA8F60}.Debug|Any CPU.Build.0 = Debug|Any CPU
		{3AEBF3D8-AFA8-4AD7-B76D-400A73CA8F60}.Release|Any CPU.ActiveCfg = Release|Any CPU
		{3AEBF3D8-AFA8-4AD7-B76D-400A73CA8F60}.Release|Any CPU.Build.0 = Release|Any CPU
		{9E9E9579-83DC-4AA3-8517-141000FFABE2}.Debug|Any CPU.ActiveCfg = Debug|Any CPU
		{9E9E9579-83DC-4AA3-8517-141000FFABE2}.Debug|Any CPU.Build.0 = Debug|Any CPU
		{9E9E9579-83DC-4AA3-8517-141000FFABE2}.Release|Any CPU.ActiveCfg = Release|Any CPU
		{9E9E9579-83DC-4AA3-8517-141000FFABE2}.Release|Any CPU.Build.0 = Release|Any CPU
		{B5DFB418-4CB4-4EA4-9C97-04B160FFC965}.Debug|Any CPU.ActiveCfg = Debug|Any CPU
		{B5DFB418-4CB4-4EA4-9C97-04B160FFC965}.Debug|Any CPU.Build.0 = Debug|Any CPU
		{B5DFB418-4CB4-4EA4-9C97-04B160FFC965}.Release|Any CPU.ActiveCfg = Release|Any CPU
		{B5DFB418-4CB4-4EA4-9C97-04B160FFC965}.Release|Any CPU.Build.0 = Release|Any CPU
		{430A6C4A-D255-45F1-9CC7-26E98A330D86}.Debug|Any CPU.ActiveCfg = Debug|Any CPU
		{430A6C4A-D255-45F1-9CC7-26E98A330D86}.Debug|Any CPU.Build.0 = Debug|Any CPU
		{430A6C4A-D255-45F1-9CC7-26E98A330D86}.Release|Any CPU.ActiveCfg = Release|Any CPU
		{430A6C4A-D255-45F1-9CC7-26E98A330D86}.Release|Any CPU.Build.0 = Release|Any CPU
		{22B62D68-7F51-49F1-ADE5-BDC4560DE127}.Debug|Any CPU.ActiveCfg = Debug|Any CPU
		{22B62D68-7F51-49F1-ADE5-BDC4560DE127}.Debug|Any CPU.Build.0 = Debug|Any CPU
		{22B62D68-7F51-49F1-ADE5-BDC4560DE127}.Release|Any CPU.ActiveCfg = Release|Any CPU
		{22B62D68-7F51-49F1-ADE5-BDC4560DE127}.Release|Any CPU.Build.0 = Release|Any CPU
		{1CF0923A-7366-4335-8556-EEF2C1BAE91B}.Debug|Any CPU.ActiveCfg = Debug|Any CPU
		{1CF0923A-7366-4335-8556-EEF2C1BAE91B}.Debug|Any CPU.Build.0 = Debug|Any CPU
		{1CF0923A-7366-4335-8556-EEF2C1BAE91B}.Release|Any CPU.ActiveCfg = Release|Any CPU
		{1CF0923A-7366-4335-8556-EEF2C1BAE91B}.Release|Any CPU.Build.0 = Release|Any CPU
		{7C6A4069-15E6-404F-913B-8AF2AEC21982}.Debug|Any CPU.ActiveCfg = Debug|Any CPU
		{7C6A4069-15E6-404F-913B-8AF2AEC21982}.Debug|Any CPU.Build.0 = Debug|Any CPU
		{7C6A4069-15E6-404F-913B-8AF2AEC21982}.Release|Any CPU.ActiveCfg = Release|Any CPU
		{7C6A4069-15E6-404F-913B-8AF2AEC21982}.Release|Any CPU.Build.0 = Release|Any CPU
	EndGlobalSection
	GlobalSection(SolutionProperties) = preSolution
		HideSolutionNode = FALSE
	EndGlobalSection
	GlobalSection(NestedProjects) = preSolution
		{4B7EF768-6C27-4F6C-8C05-8FB21A3A80F3} = {2808E129-7CFD-43F8-BC10-AE93595CD124}
		{AC609C28-CA78-4D02-982B-A37C31D87BD2} = {2808E129-7CFD-43F8-BC10-AE93595CD124}
		{6197D4FB-A8F6-44DC-B12B-BD16B90D5DAD} = {2808E129-7CFD-43F8-BC10-AE93595CD124}
		{FDE547AE-41B9-4DAC-BA3F-7113B40E63EA} = {2808E129-7CFD-43F8-BC10-AE93595CD124}
		{1713A0BD-16F6-4A24-BECF-F3FE42C3A160} = {6197D4FB-A8F6-44DC-B12B-BD16B90D5DAD}
		{3AEBF3D8-AFA8-4AD7-B76D-400A73CA8F60} = {FDE547AE-41B9-4DAC-BA3F-7113B40E63EA}
		{9E9E9579-83DC-4AA3-8517-141000FFABE2} = {FDE547AE-41B9-4DAC-BA3F-7113B40E63EA}
		{B5DFB418-4CB4-4EA4-9C97-04B160FFC965} = {FDE547AE-41B9-4DAC-BA3F-7113B40E63EA}
		{430A6C4A-D255-45F1-9CC7-26E98A330D86} = {4B7EF768-6C27-4F6C-8C05-8FB21A3A80F3}
		{22B62D68-7F51-49F1-ADE5-BDC4560DE127} = {AC609C28-CA78-4D02-982B-A37C31D87BD2}
		{1CF0923A-7366-4335-8556-EEF2C1BAE91B} = {8B28B3BC-10B2-4C92-A385-BDE39D7C7893}
		{8B28B3BC-10B2-4C92-A385-BDE39D7C7893} = {2808E129-7CFD-43F8-BC10-AE93595CD124}
		{7C6A4069-15E6-404F-913B-8AF2AEC21982} = {58551736-50BB-44EA-B0A3-AE78AF518BB9}
	EndGlobalSection
	GlobalSection(ExtensibilityGlobals) = postSolution
		SolutionGuid = {0597AEAF-A5D5-4596-B175-9CDD3DE60909}
	EndGlobalSection
EndGlobal
